# This file is automatically @generated by Cargo.
# It is not intended for manual editing.
version = 4

[[package]]
name = "coralos-hal"
version = "0.1.0"

[[package]]
name = "i2c-designware-core"
version = "0.1.0"

[[package]]
name = "r8169-core"
version = "0.1.0"

[[package]]
name = "sdhci-core"
version = "0.1.0"
