# This file is automatically @generated by Cargo.
# It is not intended for manual editing.
# SPDX-License-Identifier: GPL-2.0-only
# Ported crate for Linux drivers/pinctrl/intel/pinctrl-cherryview.c.
# Copyright (C) 2014-2020 Intel Corporation; Mika Westerberg, Ning Li, Alan Cox.
# This file is automatically @generated by Cargo.
# It is not intended for manual editing.
version = 4

[[package]]
name = "pinctrl-cherryview-core"
version = "0.1.0"
